
Microsoft Visual Studio Solution File, Format Version 12.00
# Visual Studio Version 16
VisualStudioVersion = 16.0.30621.155
MinimumVisualStudioVersion = 10.0.40219.1
Project("{FAE04EC0-301F-11D3-BF4B-00C04F79EFBC}") = "Plugin.Monnify.Demo", "Plugin.Monnify.Demo\Plugin.Monnify.Demo.csproj", "{EE9FB83F-117A-463A-A4CF-D4AA29841C3A}"
EndProject
Global
	GlobalSection(SolutionConfigurationPlatforms) = preSolution
		Debug|Any CPU = Debug|Any CPU
		Release|Any CPU = Release|Any CPU
	EndGlobalSection
	GlobalSection(ProjectConfigurationPlatforms) = postSolution
		{EE9FB83F-117A-463A-A4CF-D4AA29841C3A}.Debug|Any CPU.ActiveCfg = Debug|Any CPU
		{EE9FB83F-117A-463A-A4CF-D4AA29841C3A}.Debug|Any CPU.Build.0 = Debug|Any CPU
		{EE9FB83F-117A-463A-A4CF-D4AA29841C3A}.Release|Any CPU.ActiveCfg = Release|Any CPU
		{EE9FB83F-117A-463A-A4CF-D4AA29841C3A}.Release|Any CPU.Build.0 = Release|Any CPU
	EndGlobalSection
	GlobalSection(SolutionProperties) = preSolution
		HideSolutionNode = FALSE
	EndGlobalSection
	GlobalSection(ExtensibilityGlobals) = postSolution
		SolutionGuid = {D0F29EA8-D332-4EFF-AE5C-E7175349581D}
	EndGlobalSection
EndGlobal
